{
  "name": "Javascript - New",
  "lockfileVersion": 2,
  "requires": true,
  "packages": {
    "": {
      "dependencies": {
        "core-js": "^3.9.1",
        "regenerator-runtime": "^0.13.7"
      }
    },
    "node_modules/core-js": {
      "version": "3.9.1",
      "resolved": "https://registry.npmjs.org/core-js/-/core-js-3.9.1.tgz",
      "integrity": "sha512-gSjRvzkxQc1zjM/5paAmL4idJBFzuJoo+jDjF1tStYFMV2ERfD02HhahhCGXUyHxQRG4yFKVSdO6g62eoRMcDg==",
      "hasInstallScript": true,
      "funding": {
        "type": "opencollective",
        "url": "https://opencollective.com/core-js"
      }
    },
    "node_modules/regenerator-runtime": {
      "version": "0.13.7",
      "resolved": "https://registry.npmjs.org/regenerator-runtime/-/regenerator-runtime-0.13.7.tgz",
      "integrity": "sha512-a54FxoJDIr27pgf7IgeQGxmqUNYrcV338lf/6gH456HZ/PhX+5BcwHXG9ajESmwe6WRO0tAzRUrRmNONWgkrew=="
    }
  },
  "dependencies": {
    "core-js": {
      "version": "3.9.1",
      "resolved": "https://registry.npmjs.org/core-js/-/core-js-3.9.1.tgz",
      "integrity": "sha512-gSjRvzkxQc1zjM/5paAmL4idJBFzuJoo+jDjF1tStYFMV2ERfD02HhahhCGXUyHxQRG4yFKVSdO6g62eoRMcDg=="
    },
    "regenerator-runtime": {
      "version": "0.13.7",
      "resolved": "https://registry.npmjs.org/regenerator-runtime/-/regenerator-runtime-0.13.7.tgz",
      "integrity": "sha512-a54FxoJDIr27pgf7IgeQGxmqUNYrcV338lf/6gH456HZ/PhX+5BcwHXG9ajESmwe6WRO0tAzRUrRmNONWgkrew=="
    }
  }
}
